
Microsoft Visual Studio Solution File, Format Version 12.00
# Visual Studio Version 17
VisualStudioVersion = 17.0.32112.339
MinimumVisualStudioVersion = 10.0.40219.1
Project("{9A19103F-16F7-4668-BE54-9A1E7A4F7556}") = "SpanS", "SpanS\SpanS.csproj", "{CB958590-3894-4F6F-96C6-D2033C6F2D31}"
EndProject
Project("{FAE04EC0-301F-11D3-BF4B-00C04F79EFBC}") = "Bench", "Bench\Bench.csproj", "{D9A969AB-6599-42D3-93A8-0CFD03F76A8D}"
EndProject
Global
	GlobalSection(SolutionConfigurationPlatforms) = preSolution
		Debug|Any CPU = Debug|Any CPU
		Release|Any CPU = Release|Any CPU
	EndGlobalSection
	GlobalSection(ProjectConfigurationPlatforms) = postSolution
		{CB958590-3894-4F6F-96C6-D2033C6F2D31}.Debug|Any CPU.ActiveCfg = Debug|Any CPU
		{CB958590-3894-4F6F-96C6-D2033C6F2D31}.Debug|Any CPU.Build.0 = Debug|Any CPU
		{CB958590-3894-4F6F-96C6-D2033C6F2D31}.Release|Any CPU.ActiveCfg = Release|Any CPU
		{CB958590-3894-4F6F-96C6-D2033C6F2D31}.Release|Any CPU.Build.0 = Release|Any CPU
		{D9A969AB-6599-42D3-93A8-0CFD03F76A8D}.Debug|Any CPU.ActiveCfg = Debug|Any CPU
		{D9A969AB-6599-42D3-93A8-0CFD03F76A8D}.Debug|Any CPU.Build.0 = Debug|Any CPU
		{D9A969AB-6599-42D3-93A8-0CFD03F76A8D}.Release|Any CPU.ActiveCfg = Release|Any CPU
		{D9A969AB-6599-42D3-93A8-0CFD03F76A8D}.Release|Any CPU.Build.0 = Release|Any CPU
	EndGlobalSection
	GlobalSection(SolutionProperties) = preSolution
		HideSolutionNode = FALSE
	EndGlobalSection
	GlobalSection(ExtensibilityGlobals) = postSolution
		SolutionGuid = {F16F2210-AB10-4129-8E03-DD88904E2341}
	EndGlobalSection
EndGlobal
